// !$*UTF8*$!
{
	archiveVersion = 1;
	classes = {
	};
	objectVersion = 46;
	objects = {

/* Begin PBXBuildFile section */
		323EA2DF1ECEA0E200042120 /* CoreTelephony.framework in Frameworks */ = {isa = PBXBuildFile; fileRef = 323EA2DE1ECEA0E200042120 /* CoreTelephony.framework */; };
		328E910C1EB1D75A00F94120 /* main.m in Sources */ = {isa = PBXBuildFile; fileRef = 328E910B1EB1D75A00F94120 /* main.m */; };
		328E910F1EB1D75A00F94120 /* AppDelegate.m in Sources */ = {isa = PBXBuildFile; fileRef = 328E910E1EB1D75A00F94120 /* AppDelegate.m */; };
		328E91121EB1D75A00F94120 /* ViewController.m in Sources */ = {isa = PBXBuildFile; fileRef = 328E91111EB1D75A00F94120 /* ViewController.m */; };
		328E91151EB1D75A00F94120 /* Main.storyboard in Resources */ = {isa = PBXBuildFile; fileRef = 328E91131EB1D75A00F94120 /* Main.storyboard */; };
		328E91171EB1D75A00F94120 /* Assets.xcassets in Resources */ = {isa = PBXBuildFile; fileRef = 328E91161EB1D75A00F94120 /* Assets.xcassets */; };
		328E911A1EB1D75A00F94120 /* LaunchScreen.storyboard in Resources */ = {isa = PBXBuildFile; fileRef = 328E91181EB1D75A00F94120 /* LaunchScreen.storyboard */; };
		328E91231EB1D79D00F94120 /* DownloadOperation.m in Sources */ = {isa = PBXBuildFile; fileRef = 328E91221EB1D79D00F94120 /* DownloadOperation.m */; };
		329D074D1EC46BB5000948BA /* OperationManager.m in Sources */ = {isa = PBXBuildFile; fileRef = 329D074C1EC46BB5000948BA /* OperationManager.m */; };
/* End PBXBuildFile section */

/* Begin PBXFileReference section */
		323EA2DE1ECEA0E200042120 /* CoreTelephony.framework */ = {isa = PBXFileReference; lastKnownFileType = wrapper.framework; name = CoreTelephony.framework; path = System/Library/Frameworks/CoreTelephony.framework; sourceTree = SDKROOT; };
		328E91071EB1D75A00F94120 /* ConcurrentTest.app */ = {isa = PBXFileReference; explicitFileType = wrapper.application; includeInIndex = 0; path = ConcurrentTest.app; sourceTree = BUILT_PRODUCTS_DIR; };
		328E910B1EB1D75A00F94120 /* main.m */ = {isa = PBXFileReference; lastKnownFileType = sourcecode.c.objc; path = main.m; sourceTree = "<group>"; };
		328E910D1EB1D75A00F94120 /* AppDelegate.h */ = {isa = PBXFileReference; lastKnownFileType = sourcecode.c.h; path = AppDelegate.h; sourceTree = "<group>"; };
		328E910E1EB1D75A00F94120 /* AppDelegate.m */ = {isa = PBXFileReference; lastKnownFileType = sourcecode.c.objc; path = AppDelegate.m; sourceTree = "<group>"; };
		328E91101EB1D75A00F94120 /* ViewController.h */ = {isa = PBXFileReference; lastKnownFileType = sourcecode.c.h; path = ViewController.h; sourceTree = "<group>"; };
		328E91111EB1D75A00F94120 /* ViewController.m */ = {isa = PBXFileReference; lastKnownFileType = sourcecode.c.objc; path = ViewController.m; sourceTree = "<group>"; };
		328E91141EB1D75A00F94120 /* Base */ = {isa = PBXFileReference; lastKnownFileType = file.storyboard; name = Base; path = Base.lproj/Main.storyboard; sourceTree = "<group>"; };
		328E91161EB1D75A00F94120 /* Assets.xcassets */ = {isa = PBXFileReference; lastKnownFileType = folder.assetcatalog; path = Assets.xcassets; sourceTree = "<group>"; };
		328E91191EB1D75A00F94120 /* Base */ = {isa = PBXFileReference; lastKnownFileType = file.storyboard; name = Base; path = Base.lproj/LaunchScreen.storyboard; sourceTree = "<group>"; };
		328E911B1EB1D75A00F94120 /* Info.plist */ = {isa = PBXFileReference; lastKnownFileType = text.plist.xml; path = Info.plist; sourceTree = "<group>"; };
		328E91211EB1D79D00F94120 /* DownloadOperation.h */ = {isa = PBXFileReference; fileEncoding = 4; lastKnownFileType = sourcecode.c.h; path = DownloadOperation.h; sourceTree = "<group>"; };
		328E91221EB1D79D00F94120 /* DownloadOperation.m */ = {isa = PBXFileReference; fileEncoding = 4; lastKnownFileType = sourcecode.c.objc; path = DownloadOperation.m; sourceTree = "<group>"; };
		329D074B1EC46BB5000948BA /* OperationManager.h */ = {isa = PBXFileReference; fileEncoding = 4; lastKnownFileType = sourcecode.c.h; path = OperationManager.h; sourceTree = "<group>"; };
		329D074C1EC46BB5000948BA /* OperationManager.m */ = {isa = PBXFileReference; fileEncoding = 4; lastKnownFileType = sourcecode.c.objc; path = OperationManager.m; sourceTree = "<group>"; };
/* End PBXFileReference section */

/* Begin PBXFrameworksBuildPhase section */
		328E91041EB1D75A00F94120 /* Frameworks */ = {
			isa = PBXFrameworksBuildPhase;
			buildActionMask = 2147483647;
			files = (
				323EA2DF1ECEA0E200042120 /* CoreTelephony.framework in Frameworks */,
			);
			runOnlyForDeploymentPostprocessing = 0;
		};
/* End PBXFrameworksBuildPhase section */

/* Begin PBXGroup section */
		323EA2DD1ECEA0E200042120 /* Frameworks */ = {
			isa = PBXGroup;
			children = (
				323EA2DE1ECEA0E200042120 /* CoreTelephony.framework */,
			);
			name = Frameworks;
			sourceTree = "<group>";
		};
		328E90FE1EB1D75A00F94120 = {
			isa = PBXGroup;
			children = (
				328E91091EB1D75A00F94120 /* ConcurrentTest */,
				328E91081EB1D75A00F94120 /* Products */,
				323EA2DD1ECEA0E200042120 /* Frameworks */,
			);
			sourceTree = "<group>";
		};
		328E91081EB1D75A00F94120 /* Products */ = {
			isa = PBXGroup;
			children = (
				328E91071EB1D75A00F94120 /* ConcurrentTest.app */,
			);
			name = Products;
			sourceTree = "<group>";
		};
		328E91091EB1D75A00F94120 /* ConcurrentTest */ = {
			isa = PBXGroup;
			children = (
				328E910D1EB1D75A00F94120 /* AppDelegate.h */,
				328E910E1EB1D75A00F94120 /* AppDelegate.m */,
				328E91101EB1D75A00F94120 /* ViewController.h */,
				328E91111EB1D75A00F94120 /* ViewController.m */,
				329D074B1EC46BB5000948BA /* OperationManager.h */,
				329D074C1EC46BB5000948BA /* OperationManager.m */,
				328E91211EB1D79D00F94120 /* DownloadOperation.h */,
				328E91221EB1D79D00F94120 /* DownloadOperation.m */,
				328E91131EB1D75A00F94120 /* Main.storyboard */,
				328E91161EB1D75A00F94120 /* Assets.xcassets */,
				328E91181EB1D75A00F94120 /* LaunchScreen.storyboard */,
				328E911B1EB1D75A00F94120 /* Info.plist */,
				328E910A1EB1D75A00F94120 /* Supporting Files */,
			);
			path = ConcurrentTest;
			sourceTree = "<group>";
		};
		328E910A1EB1D75A00F94120 /* Supporting Files */ = {
			isa = PBXGroup;
			children = (
				328E910B1EB1D75A00F94120 /* main.m */,
			);
			name = "Supporting Files";
			sourceTree = "<group>";
		};
/* End PBXGroup section */

/* Begin PBXNativeTarget section */
		328E91061EB1D75A00F94120 /* ConcurrentTest */ = {
			isa = PBXNativeTarget;
			buildConfigurationList = 328E911E1EB1D75A00F94120 /* Build configuration list for PBXNativeTarget "ConcurrentTest" */;
			buildPhases = (
				328E91031EB1D75A00F94120 /* Sources */,
				328E91041EB1D75A00F94120 /* Frameworks */,
				328E91051EB1D75A00F94120 /* Resources */,
			);
			buildRules = (
			);
			dependencies = (
			);
			name = ConcurrentTest;
			productName = ConcurrentTest;
			productReference = 328E91071EB1D75A00F94120 /* ConcurrentTest.app */;
			productType = "com.apple.product-type.application";
		};
/* End PBXNativeTarget section */

/* Begin PBXProject section */
		328E90FF1EB1D75A00F94120 /* Project object */ = {
			isa = PBXProject;
			attributes = {
				LastUpgradeCheck = 0830;
				ORGANIZATIONNAME = "core's Mac";
				TargetAttributes = {
					328E91061EB1D75A00F94120 = {
						CreatedOnToolsVersion = 8.3.2;
						DevelopmentTeam = ZAB4L2B7UQ;
						ProvisioningStyle = Automatic;
					};
				};
			};
			buildConfigurationList = 328E91021EB1D75A00F94120 /* Build configuration list for PBXProject "ConcurrentTest" */;
			compatibilityVersion = "Xcode 3.2";
			developmentRegion = English;
			hasScannedForEncodings = 0;
			knownRegions = (
				en,
				Base,
			);
			mainGroup = 328E90FE1EB1D75A00F94120;
			productRefGroup = 328E91081EB1D75A00F94120 /* Products */;
			projectDirPath = "";
			projectRoot = "";
			targets = (
				328E91061EB1D75A00F94120 /* ConcurrentTest */,
			);
		};
/* End PBXProject section */

/* Begin PBXResourcesBuildPhase section */
		328E91051EB1D75A00F94120 /* Resources */ = {
			isa = PBXResourcesBuildPhase;
			buildActionMask = 2147483647;
			files = (
				328E911A1EB1D75A00F94120 /* LaunchScreen.storyboard in Resources */,
				328E91171EB1D75A00F94120 /* Assets.xcassets in Resources */,
				328E91151EB1D75A00F94120 /* Main.storyboard in Resources */,
			);
			runOnlyForDeploymentPostprocessing = 0;
		};
/* End PBXResourcesBuildPhase section */

/* Begin PBXSourcesBuildPhase section */
		328E91031EB1D75A00F94120 /* Sources */ = {
			isa = PBXSourcesBuildPhase;
			buildActionMask = 2147483647;
			files = (
				328E91121EB1D75A00F94120 /* ViewController.m in Sources */,
				328E910F1EB1D75A00F94120 /* AppDelegate.m in Sources */,
				328E910C1EB1D75A00F94120 /* main.m in Sources */,
				329D074D1EC46BB5000948BA /* OperationManager.m in Sources */,
				328E91231EB1D79D00F94120 /* DownloadOperation.m in Sources */,
			);
			runOnlyForDeploymentPostprocessing = 0;
		};
/* End PBXSourcesBuildPhase section */

/* Begin PBXVariantGroup section */
		328E91131EB1D75A00F94120 /* Main.storyboard */ = {
			isa = PBXVariantGroup;
			children = (
				328E91141EB1D75A00F94120 /* Base */,
			);
			name = Main.storyboard;
			sourceTree = "<group>";
		};
		328E91181EB1D75A00F94120 /* LaunchScreen.storyboard */ = {
			isa = PBXVariantGroup;
			children = (
				328E91191EB1D75A00F94120 /* Base */,
			);
			name = LaunchScreen.storyboard;
			sourceTree = "<group>";
		};
/* End PBXVariantGroup section */

/* Begin XCBuildConfiguration section */
		328E911C1EB1D75A00F94120 /* Debug */ = {
			isa = XCBuildConfiguration;
			buildSettings = {
				ALWAYS_SEARCH_USER_PATHS = NO;
				CLANG_ANALYZER_NONNULL = YES;
				CLANG_ANALYZER_NUMBER_OBJECT_CONVERSION = YES_AGGRESSIVE;
				CLANG_CXX_LANGUAGE_STANDARD = "gnu++0x";
				CLANG_CXX_LIBRARY = "libc++";
				CLANG_ENABLE_MODULES = YES;
				CLANG_ENABLE_OBJC_ARC = YES;
				CLANG_WARN_BOOL_CONVERSION = YES;
				CLANG_WARN_CONSTANT_CONVERSION = YES;
				CLANG_WARN_DIRECT_OBJC_ISA_USAGE = YES_ERROR;
				CLANG_WARN_DOCUMENTATION_COMMENTS = YES;
				CLANG_WARN_EMPTY_BODY = YES;
				CLANG_WARN_ENUM_CONVERSION = YES;
				CLANG_WARN_INFINITE_RECURSION = YES;
				CLANG_WARN_INT_CONVERSION = YES;
				CLANG_WARN_OBJC_ROOT_CLASS = YES_ERROR;
				CLANG_WARN_SUSPICIOUS_MOVE = YES;
				CLANG_WARN_UNREACHABLE_CODE = YES;
				CLANG_WARN__DUPLICATE_METHOD_MATCH = YES;
				"CODE_SIGN_IDENTITY[sdk=iphoneos*]" = "iPhone Developer";
				COPY_PHASE_STRIP = NO;
				DEBUG_INFORMATION_FORMAT = dwarf;
				ENABLE_STRICT_OBJC_MSGSEND = YES;
				ENABLE_TESTABILITY = YES;
				GCC_C_LANGUAGE_STANDARD = gnu99;
				GCC_DYNAMIC_NO_PIC = NO;
				GCC_NO_COMMON_BLOCKS = YES;
				GCC_OPTIMIZATION_LEVEL = 0;
				GCC_PREPROCESSOR_DEFINITIONS = (
					"DEBUG=1",
					"$(inherited)",
				);
				GCC_WARN_64_TO_32_BIT_CONVERSION = YES;
				GCC_WARN_ABOUT_RETURN_TYPE = YES_ERROR;
				GCC_WARN_UNDECLARED_SELECTOR = YES;
				GCC_WARN_UNINITIALIZED_AUTOS = YES_AGGRESSIVE;
				GCC_WARN_UNUSED_FUNCTION = YES;
				GCC_WARN_UNUSED_VARIABLE = YES;
				IPHONEOS_DEPLOYMENT_TARGET = 10.3;
				MTL_ENABLE_DEBUG_INFO = YES;
				ONLY_ACTIVE_ARCH = YES;
				SDKROOT = iphoneos;
				TARGETED_DEVICE_FAMILY = "1,2";
			};
			name = Debug;
		};
		328E911D1EB1D75A00F94120 /* Release */ = {
			isa = XCBuildConfiguration;
			buildSettings = {
				ALWAYS_SEARCH_USER_PATHS = NO;
				CLANG_ANALYZER_NONNULL = YES;
				CLANG_ANALYZER_NUMBER_OBJECT_CONVERSION = YES_AGGRESSIVE;
				CLANG_CXX_LANGUAGE_STANDARD = "gnu++0x";
				CLANG_CXX_LIBRARY = "libc++";
				CLANG_ENABLE_MODULES = YES;
				CLANG_ENABLE_OBJC_ARC = YES;
				CLANG_WARN_BOOL_CONVERSION = YES;
				CLANG_WARN_CONSTANT_CONVERSION = YES;
				CLANG_WARN_DIRECT_OBJC_ISA_USAGE = YES_ERROR;
				CLANG_WARN_DOCUMENTATION_COMMENTS = YES;
				CLANG_WARN_EMPTY_BODY = YES;
				CLANG_WARN_ENUM_CONVERSION = YES;
				CLANG_WARN_INFINITE_RECURSION = YES;
				CLANG_WARN_INT_CONVERSION = YES;
				CLANG_WARN_OBJC_ROOT_CLASS = YES_ERROR;
				CLANG_WARN_SUSPICIOUS_MOVE = YES;
				CLANG_WARN_UNREACHABLE_CODE = YES;
				CLANG_WARN__DUPLICATE_METHOD_MATCH = YES;
				"CODE_SIGN_IDENTITY[sdk=iphoneos*]" = "iPhone Developer";
				COPY_PHASE_STRIP = NO;
				DEBUG_INFORMATION_FORMAT = "dwarf-with-dsym";
				ENABLE_NS_ASSERTIONS = NO;
				ENABLE_STRICT_OBJC_MSGSEND = YES;
				GCC_C_LANGUAGE_STANDARD = gnu99;
				GCC_NO_COMMON_BLOCKS = YES;
				GCC_WARN_64_TO_32_BIT_CONVERSION = YES;
				GCC_WARN_ABOUT_RETURN_TYPE = YES_ERROR;
				GCC_WARN_UNDECLARED_SELECTOR = YES;
				GCC_WARN_UNINITIALIZED_AUTOS = YES_AGGRESSIVE;
				GCC_WARN_UNUSED_FUNCTION = YES;
				GCC_WARN_UNUSED_VARIABLE = YES;
				IPHONEOS_DEPLOYMENT_TARGET = 10.3;
				MTL_ENABLE_DEBUG_INFO = NO;
				SDKROOT = iphoneos;
				TARGETED_DEVICE_FAMILY = "1,2";
				VALIDATE_PRODUCT = YES;
			};
			name = Release;
		};
		328E911F1EB1D75A00F94120 /* Debug */ = {
			isa = XCBuildConfiguration;
			buildSettings = {
				ASSETCATALOG_COMPILER_APPICON_NAME = AppIcon;
				DEVELOPMENT_TEAM = ZAB4L2B7UQ;
				INFOPLIST_FILE = ConcurrentTest/Info.plist;
				IPHONEOS_DEPLOYMENT_TARGET = 9.0;
				LD_RUNPATH_SEARCH_PATHS = "$(inherited) @executable_path/Frameworks";
				PRODUCT_BUNDLE_IDENTIFIER = cn.com.hsbc.hsbcchina.test1;
				PRODUCT_NAME = "$(TARGET_NAME)";
			};
			name = Debug;
		};
		328E91201EB1D75A00F94120 /* Release */ = {
			isa = XCBuildConfiguration;
			buildSettings = {
				ASSETCATALOG_COMPILER_APPICON_NAME = AppIcon;
				DEVELOPMENT_TEAM = ZAB4L2B7UQ;
				INFOPLIST_FILE = ConcurrentTest/Info.plist;
				IPHONEOS_DEPLOYMENT_TARGET = 9.0;
				LD_RUNPATH_SEARCH_PATHS = "$(inherited) @executable_path/Frameworks";
				PRODUCT_BUNDLE_IDENTIFIER = cn.com.hsbc.hsbcchina.test1;
				PRODUCT_NAME = "$(TARGET_NAME)";
			};
			name = Release;
		};
/* End XCBuildConfiguration section */

/* Begin XCConfigurationList section */
		328E91021EB1D75A00F94120 /* Build configuration list for PBXProject "ConcurrentTest" */ = {
			isa = XCConfigurationList;
			buildConfigurations = (
				328E911C1EB1D75A00F94120 /* Debug */,
				328E911D1EB1D75A00F94120 /* Release */,
			);
			defaultConfigurationIsVisible = 0;
			defaultConfigurationName = Release;
		};
		328E911E1EB1D75A00F94120 /* Build configuration list for PBXNativeTarget "ConcurrentTest" */ = {
			isa = XCConfigurationList;
			buildConfigurations = (
				328E911F1EB1D75A00F94120 /* Debug */,
				328E91201EB1D75A00F94120 /* Release */,
			);
			defaultConfigurationIsVisible = 0;
			defaultConfigurationName = Release;
		};
/* End XCConfigurationList section */
	};
	rootObject = 328E90FF1EB1D75A00F94120 /* Project object */;
}
